
Microsoft Visual Studio Solution File, Format Version 12.00
# Visual Studio 15
Project("{FAE04EC0-301F-11D3-BF4B-00C04F79EFBC}") = "Carreras", "Carreras.csproj", "{A937DF7B-D9D1-99B8-16B9-CBD5932D6389}"
EndProject
Global
	GlobalSection(SolutionConfigurationPlatforms) = preSolution
		Debug|Any CPU = Debug|Any CPU
		Release|Any CPU = Release|Any CPU
	EndGlobalSection
	GlobalSection(ProjectConfigurationPlatforms) = postSolution
		{A937DF7B-D9D1-99B8-16B9-CBD5932D6389}.Debug|Any CPU.ActiveCfg = Debug|Any CPU
		{A937DF7B-D9D1-99B8-16B9-CBD5932D6389}.Debug|Any CPU.Build.0 = Debug|Any CPU
		{A937DF7B-D9D1-99B8-16B9-CBD5932D6389}.Release|Any CPU.ActiveCfg = Release|Any CPU
		{A937DF7B-D9D1-99B8-16B9-CBD5932D6389}.Release|Any CPU.Build.0 = Release|Any CPU
	EndGlobalSection
	GlobalSection(SolutionProperties) = preSolution
		HideSolutionNode = FALSE
	EndGlobalSection
EndGlobal
